// !$*UTF8*$!
{
	archiveVersion = 1;
	classes = {
	};
	objectVersion = 50;
	objects = {

/* Begin PBXBuildFile section */
		D42E6F78253E050800FCFCA9 /* AirData.swift in Sources */ = {isa = PBXBuildFile; fileRef = D42E6F77253E050800FCFCA9 /* AirData.swift */; };
		D4B3D4992527CD8500BC0860 /* Light Background.pdf in Resources */ = {isa = PBXBuildFile; fileRef = D4B3D4972527CD8500BC0860 /* Light Background.pdf */; };
		D4B3D49A2527CD8500BC0860 /* Dark Background.pdf in Resources */ = {isa = PBXBuildFile; fileRef = D4B3D4982527CD8500BC0860 /* Dark Background.pdf */; };
		D4B3D49F25293EBA00BC0860 /* AirQualityManager.swift in Sources */ = {isa = PBXBuildFile; fileRef = D4B3D49E25293EBA00BC0860 /* AirQualityManager.swift */; };
		D4B3D4A325298D6A00BC0860 /* AirQualityModel.swift in Sources */ = {isa = PBXBuildFile; fileRef = D4B3D4A225298D6A00BC0860 /* AirQualityModel.swift */; };
		D4B6CCC0251E83FC00104F3E /* AppDelegate.swift in Sources */ = {isa = PBXBuildFile; fileRef = D4B6CCBF251E83FC00104F3E /* AppDelegate.swift */; };
		D4B6CCC2251E83FC00104F3E /* SceneDelegate.swift in Sources */ = {isa = PBXBuildFile; fileRef = D4B6CCC1251E83FC00104F3E /* SceneDelegate.swift */; };
		D4B6CCC4251E83FC00104F3E /* AirQualityViewController.swift in Sources */ = {isa = PBXBuildFile; fileRef = D4B6CCC3251E83FC00104F3E /* AirQualityViewController.swift */; };
		D4B6CCC7251E83FC00104F3E /* Main.storyboard in Resources */ = {isa = PBXBuildFile; fileRef = D4B6CCC5251E83FC00104F3E /* Main.storyboard */; };
		D4B6CCC9251E840200104F3E /* Assets.xcassets in Resources */ = {isa = PBXBuildFile; fileRef = D4B6CCC8251E840200104F3E /* Assets.xcassets */; };
		D4B6CCCC251E840200104F3E /* LaunchScreen.storyboard in Resources */ = {isa = PBXBuildFile; fileRef = D4B6CCCA251E840200104F3E /* LaunchScreen.storyboard */; };
/* End PBXBuildFile section */

/* Begin PBXFileReference section */
		D42E6F77253E050800FCFCA9 /* AirData.swift */ = {isa = PBXFileReference; lastKnownFileType = sourcecode.swift; path = AirData.swift; sourceTree = "<group>"; };
		D4B3D4972527CD8500BC0860 /* Light Background.pdf */ = {isa = PBXFileReference; lastKnownFileType = image.pdf; path = "Light Background.pdf"; sourceTree = SOURCE_ROOT; };
		D4B3D4982527CD8500BC0860 /* Dark Background.pdf */ = {isa = PBXFileReference; lastKnownFileType = image.pdf; path = "Dark Background.pdf"; sourceTree = SOURCE_ROOT; };
		D4B3D49E25293EBA00BC0860 /* AirQualityManager.swift */ = {isa = PBXFileReference; lastKnownFileType = sourcecode.swift; path = AirQualityManager.swift; sourceTree = "<group>"; };
		D4B3D4A225298D6A00BC0860 /* AirQualityModel.swift */ = {isa = PBXFileReference; lastKnownFileType = sourcecode.swift; path = AirQualityModel.swift; sourceTree = "<group>"; };
		D4B6CCBC251E83FC00104F3E /* Air Quality Monitor.app */ = {isa = PBXFileReference; explicitFileType = wrapper.application; includeInIndex = 0; path = "Air Quality Monitor.app"; sourceTree = BUILT_PRODUCTS_DIR; };
		D4B6CCBF251E83FC00104F3E /* AppDelegate.swift */ = {isa = PBXFileReference; lastKnownFileType = sourcecode.swift; path = AppDelegate.swift; sourceTree = "<group>"; };
		D4B6CCC1251E83FC00104F3E /* SceneDelegate.swift */ = {isa = PBXFileReference; lastKnownFileType = sourcecode.swift; path = SceneDelegate.swift; sourceTree = "<group>"; };
		D4B6CCC3251E83FC00104F3E /* AirQualityViewController.swift */ = {isa = PBXFileReference; lastKnownFileType = sourcecode.swift; path = AirQualityViewController.swift; sourceTree = "<group>"; };
		D4B6CCC6251E83FC00104F3E /* Base */ = {isa = PBXFileReference; lastKnownFileType = file.storyboard; name = Base; path = Base.lproj/Main.storyboard; sourceTree = "<group>"; };
		D4B6CCC8251E840200104F3E /* Assets.xcassets */ = {isa = PBXFileReference; lastKnownFileType = folder.assetcatalog; path = Assets.xcassets; sourceTree = "<group>"; };
		D4B6CCCB251E840200104F3E /* Base */ = {isa = PBXFileReference; lastKnownFileType = file.storyboard; name = Base; path = Base.lproj/LaunchScreen.storyboard; sourceTree = "<group>"; };
		D4B6CCCD251E840200104F3E /* Info.plist */ = {isa = PBXFileReference; lastKnownFileType = text.plist.xml; path = Info.plist; sourceTree = "<group>"; };
/* End PBXFileReference section */

/* Begin PBXFrameworksBuildPhase section */
		D4B6CCB9251E83FC00104F3E /* Frameworks */ = {
			isa = PBXFrameworksBuildPhase;
			buildActionMask = 2147483647;
			files = (
			);
			runOnlyForDeploymentPostprocessing = 0;
		};
/* End PBXFrameworksBuildPhase section */

/* Begin PBXGroup section */
		D4B3D49B25293BB300BC0860 /* Controller */ = {
			isa = PBXGroup;
			children = (
				D4B6CCC3251E83FC00104F3E /* AirQualityViewController.swift */,
			);
			path = Controller;
			sourceTree = "<group>";
		};
		D4B3D49C25293DAF00BC0860 /* Model */ = {
			isa = PBXGroup;
			children = (
				D4B3D49E25293EBA00BC0860 /* AirQualityManager.swift */,
				D42E6F77253E050800FCFCA9 /* AirData.swift */,
				D4B3D4A225298D6A00BC0860 /* AirQualityModel.swift */,
			);
			path = Model;
			sourceTree = "<group>";
		};
		D4B3D49D25293DBA00BC0860 /* View */ = {
			isa = PBXGroup;
			children = (
				D4B6CCC5251E83FC00104F3E /* Main.storyboard */,
			);
			path = View;
			sourceTree = "<group>";
		};
		D4B6CCB3251E83FC00104F3E = {
			isa = PBXGroup;
			children = (
				D4B6CCBE251E83FC00104F3E /* Air Quality Monitor */,
				D4B6CCBD251E83FC00104F3E /* Products */,
			);
			sourceTree = "<group>";
		};
		D4B6CCBD251E83FC00104F3E /* Products */ = {
			isa = PBXGroup;
			children = (
				D4B6CCBC251E83FC00104F3E /* Air Quality Monitor.app */,
			);
			name = Products;
			sourceTree = "<group>";
		};
		D4B6CCBE251E83FC00104F3E /* Air Quality Monitor */ = {
			isa = PBXGroup;
			children = (
				D4B6CCBF251E83FC00104F3E /* AppDelegate.swift */,
				D4B6CCC1251E83FC00104F3E /* SceneDelegate.swift */,
				D4B3D49C25293DAF00BC0860 /* Model */,
				D4B3D49D25293DBA00BC0860 /* View */,
				D4B3D49B25293BB300BC0860 /* Controller */,
				D4B3D4982527CD8500BC0860 /* Dark Background.pdf */,
				D4B3D4972527CD8500BC0860 /* Light Background.pdf */,
				D4B6CCC8251E840200104F3E /* Assets.xcassets */,
				D4B6CCCA251E840200104F3E /* LaunchScreen.storyboard */,
				D4B6CCCD251E840200104F3E /* Info.plist */,
			);
			path = "Air Quality Monitor";
			sourceTree = "<group>";
		};
/* End PBXGroup section */

/* Begin PBXNativeTarget section */
		D4B6CCBB251E83FC00104F3E /* Air Quality Monitor */ = {
			isa = PBXNativeTarget;
			buildConfigurationList = D4B6CCD0251E840200104F3E /* Build configuration list for PBXNativeTarget "Air Quality Monitor" */;
			buildPhases = (
				D4B6CCB8251E83FC00104F3E /* Sources */,
				D4B6CCB9251E83FC00104F3E /* Frameworks */,
				D4B6CCBA251E83FC00104F3E /* Resources */,
			);
			buildRules = (
			);
			dependencies = (
			);
			name = "Air Quality Monitor";
			productName = "Air Quality Monitor";
			productReference = D4B6CCBC251E83FC00104F3E /* Air Quality Monitor.app */;
			productType = "com.apple.product-type.application";
		};
/* End PBXNativeTarget section */

/* Begin PBXProject section */
		D4B6CCB4251E83FC00104F3E /* Project object */ = {
			isa = PBXProject;
			attributes = {
				LastSwiftUpdateCheck = 1150;
				LastUpgradeCheck = 1150;
				ORGANIZATIONNAME = "Ben Do";
				TargetAttributes = {
					D4B6CCBB251E83FC00104F3E = {
						CreatedOnToolsVersion = 11.5;
					};
				};
			};
			buildConfigurationList = D4B6CCB7251E83FC00104F3E /* Build configuration list for PBXProject "Air Quality Monitor" */;
			compatibilityVersion = "Xcode 9.3";
			developmentRegion = en;
			hasScannedForEncodings = 0;
			knownRegions = (
				en,
				Base,
			);
			mainGroup = D4B6CCB3251E83FC00104F3E;
			productRefGroup = D4B6CCBD251E83FC00104F3E /* Products */;
			projectDirPath = "";
			projectRoot = "";
			targets = (
				D4B6CCBB251E83FC00104F3E /* Air Quality Monitor */,
			);
		};
/* End PBXProject section */

/* Begin PBXResourcesBuildPhase section */
		D4B6CCBA251E83FC00104F3E /* Resources */ = {
			isa = PBXResourcesBuildPhase;
			buildActionMask = 2147483647;
			files = (
				D4B3D4992527CD8500BC0860 /* Light Background.pdf in Resources */,
				D4B6CCCC251E840200104F3E /* LaunchScreen.storyboard in Resources */,
				D4B3D49A2527CD8500BC0860 /* Dark Background.pdf in Resources */,
				D4B6CCC9251E840200104F3E /* Assets.xcassets in Resources */,
				D4B6CCC7251E83FC00104F3E /* Main.storyboard in Resources */,
			);
			runOnlyForDeploymentPostprocessing = 0;
		};
/* End PBXResourcesBuildPhase section */

/* Begin PBXSourcesBuildPhase section */
		D4B6CCB8251E83FC00104F3E /* Sources */ = {
			isa = PBXSourcesBuildPhase;
			buildActionMask = 2147483647;
			files = (
				D4B3D4A325298D6A00BC0860 /* AirQualityModel.swift in Sources */,
				D4B6CCC4251E83FC00104F3E /* AirQualityViewController.swift in Sources */,
				D4B6CCC0251E83FC00104F3E /* AppDelegate.swift in Sources */,
				D4B3D49F25293EBA00BC0860 /* AirQualityManager.swift in Sources */,
				D4B6CCC2251E83FC00104F3E /* SceneDelegate.swift in Sources */,
				D42E6F78253E050800FCFCA9 /* AirData.swift in Sources */,
			);
			runOnlyForDeploymentPostprocessing = 0;
		};
/* End PBXSourcesBuildPhase section */

/* Begin PBXVariantGroup section */
		D4B6CCC5251E83FC00104F3E /* Main.storyboard */ = {
			isa = PBXVariantGroup;
			children = (
				D4B6CCC6251E83FC00104F3E /* Base */,
			);
			name = Main.storyboard;
			sourceTree = "<group>";
		};
		D4B6CCCA251E840200104F3E /* LaunchScreen.storyboard */ = {
			isa = PBXVariantGroup;
			children = (
				D4B6CCCB251E840200104F3E /* Base */,
			);
			name = LaunchScreen.storyboard;
			sourceTree = "<group>";
		};
/* End PBXVariantGroup section */

/* Begin XCBuildConfiguration section */
		D4B6CCCE251E840200104F3E /* Debug */ = {
			isa = XCBuildConfiguration;
			buildSettings = {
				ALWAYS_SEARCH_USER_PATHS = NO;
				CLANG_ANALYZER_NONNULL = YES;
				CLANG_ANALYZER_NUMBER_OBJECT_CONVERSION = YES_AGGRESSIVE;
				CLANG_CXX_LANGUAGE_STANDARD = "gnu++14";
				CLANG_CXX_LIBRARY = "libc++";
				CLANG_ENABLE_MODULES = YES;
				CLANG_ENABLE_OBJC_ARC = YES;
				CLANG_ENABLE_OBJC_WEAK = YES;
				CLANG_WARN_BLOCK_CAPTURE_AUTORELEASING = YES;
				CLANG_WARN_BOOL_CONVERSION = YES;
				CLANG_WARN_COMMA = YES;
				CLANG_WARN_CONSTANT_CONVERSION = YES;
				CLANG_WARN_DEPRECATED_OBJC_IMPLEMENTATIONS = YES;
				CLANG_WARN_DIRECT_OBJC_ISA_USAGE = YES_ERROR;
				CLANG_WARN_DOCUMENTATION_COMMENTS = YES;
				CLANG_WARN_EMPTY_BODY = YES;
				CLANG_WARN_ENUM_CONVERSION = YES;
				CLANG_WARN_INFINITE_RECURSION = YES;
				CLANG_WARN_INT_CONVERSION = YES;
				CLANG_WARN_NON_LITERAL_NULL_CONVERSION = YES;
				CLANG_WARN_OBJC_IMPLICIT_RETAIN_SELF = YES;
				CLANG_WARN_OBJC_LITERAL_CONVERSION = YES;
				CLANG_WARN_OBJC_ROOT_CLASS = YES_ERROR;
				CLANG_WARN_RANGE_LOOP_ANALYSIS = YES;
				CLANG_WARN_STRICT_PROTOTYPES = YES;
				CLANG_WARN_SUSPICIOUS_MOVE = YES;
				CLANG_WARN_UNGUARDED_AVAILABILITY = YES_AGGRESSIVE;
				CLANG_WARN_UNREACHABLE_CODE = YES;
				CLANG_WARN__DUPLICATE_METHOD_MATCH = YES;
				COPY_PHASE_STRIP = NO;
				DEBUG_INFORMATION_FORMAT = dwarf;
				ENABLE_STRICT_OBJC_MSGSEND = YES;
				ENABLE_TESTABILITY = YES;
				GCC_C_LANGUAGE_STANDARD = gnu11;
				GCC_DYNAMIC_NO_PIC = NO;
				GCC_NO_COMMON_BLOCKS = YES;
				GCC_OPTIMIZATION_LEVEL = 0;
				GCC_PREPROCESSOR_DEFINITIONS = (
					"DEBUG=1",
					"$(inherited)",
				);
				GCC_WARN_64_TO_32_BIT_CONVERSION = YES;
				GCC_WARN_ABOUT_RETURN_TYPE = YES_ERROR;
				GCC_WARN_UNDECLARED_SELECTOR = YES;
				GCC_WARN_UNINITIALIZED_AUTOS = YES_AGGRESSIVE;
				GCC_WARN_UNUSED_FUNCTION = YES;
				GCC_WARN_UNUSED_VARIABLE = YES;
				IPHONEOS_DEPLOYMENT_TARGET = 13.5;
				MTL_ENABLE_DEBUG_INFO = INCLUDE_SOURCE;
				MTL_FAST_MATH = YES;
				ONLY_ACTIVE_ARCH = YES;
				SDKROOT = iphoneos;
				SWIFT_ACTIVE_COMPILATION_CONDITIONS = DEBUG;
				SWIFT_OPTIMIZATION_LEVEL = "-Onone";
			};
			name = Debug;
		};
		D4B6CCCF251E840200104F3E /* Release */ = {
			isa = XCBuildConfiguration;
			buildSettings = {
				ALWAYS_SEARCH_USER_PATHS = NO;
				CLANG_ANALYZER_NONNULL = YES;
				CLANG_ANALYZER_NUMBER_OBJECT_CONVERSION = YES_AGGRESSIVE;
				CLANG_CXX_LANGUAGE_STANDARD = "gnu++14";
				CLANG_CXX_LIBRARY = "libc++";
				CLANG_ENABLE_MODULES = YES;
				CLANG_ENABLE_OBJC_ARC = YES;
				CLANG_ENABLE_OBJC_WEAK = YES;
				CLANG_WARN_BLOCK_CAPTURE_AUTORELEASING = YES;
				CLANG_WARN_BOOL_CONVERSION = YES;
				CLANG_WARN_COMMA = YES;
				CLANG_WARN_CONSTANT_CONVERSION = YES;
				CLANG_WARN_DEPRECATED_OBJC_IMPLEMENTATIONS = YES;
				CLANG_WARN_DIRECT_OBJC_ISA_USAGE = YES_ERROR;
				CLANG_WARN_DOCUMENTATION_COMMENTS = YES;
				CLANG_WARN_EMPTY_BODY = YES;
				CLANG_WARN_ENUM_CONVERSION = YES;
				CLANG_WARN_INFINITE_RECURSION = YES;
				CLANG_WARN_INT_CONVERSION = YES;
				CLANG_WARN_NON_LITERAL_NULL_CONVERSION = YES;
				CLANG_WARN_OBJC_IMPLICIT_RETAIN_SELF = YES;
				CLANG_WARN_OBJC_LITERAL_CONVERSION = YES;
				CLANG_WARN_OBJC_ROOT_CLASS = YES_ERROR;
				CLANG_WARN_RANGE_LOOP_ANALYSIS = YES;
				CLANG_WARN_STRICT_PROTOTYPES = YES;
				CLANG_WARN_SUSPICIOUS_MOVE = YES;
				CLANG_WARN_UNGUARDED_AVAILABILITY = YES_AGGRESSIVE;
				CLANG_WARN_UNREACHABLE_CODE = YES;
				CLANG_WARN__DUPLICATE_METHOD_MATCH = YES;
				COPY_PHASE_STRIP = NO;
				DEBUG_INFORMATION_FORMAT = "dwarf-with-dsym";
				ENABLE_NS_ASSERTIONS = NO;
				ENABLE_STRICT_OBJC_MSGSEND = YES;
				GCC_C_LANGUAGE_STANDARD = gnu11;
				GCC_NO_COMMON_BLOCKS = YES;
				GCC_WARN_64_TO_32_BIT_CONVERSION = YES;
				GCC_WARN_ABOUT_RETURN_TYPE = YES_ERROR;
				GCC_WARN_UNDECLARED_SELECTOR = YES;
				GCC_WARN_UNINITIALIZED_AUTOS = YES_AGGRESSIVE;
				GCC_WARN_UNUSED_FUNCTION = YES;
				GCC_WARN_UNUSED_VARIABLE = YES;
				IPHONEOS_DEPLOYMENT_TARGET = 13.5;
				MTL_ENABLE_DEBUG_INFO = NO;
				MTL_FAST_MATH = YES;
				SDKROOT = iphoneos;
				SWIFT_COMPILATION_MODE = wholemodule;
				SWIFT_OPTIMIZATION_LEVEL = "-O";
				VALIDATE_PRODUCT = YES;
			};
			name = Release;
		};
		D4B6CCD1251E840200104F3E /* Debug */ = {
			isa = XCBuildConfiguration;
			buildSettings = {
				ASSETCATALOG_COMPILER_APPICON_NAME = AppIcon;
				CODE_SIGN_STYLE = Automatic;
				DEVELOPMENT_TEAM = P85PDAVQFY;
				INFOPLIST_FILE = "Air Quality Monitor/Info.plist";
				LD_RUNPATH_SEARCH_PATHS = (
					"$(inherited)",
					"@executable_path/Frameworks",
				);
				PRODUCT_BUNDLE_IDENTIFIER = "com.apptryout.Air-Quality-Monitor";
				PRODUCT_NAME = "$(TARGET_NAME)";
				SUPPORTS_MACCATALYST = NO;
				SWIFT_VERSION = 5.0;
				TARGETED_DEVICE_FAMILY = "1,2";
			};
			name = Debug;
		};
		D4B6CCD2251E840200104F3E /* Release */ = {
			isa = XCBuildConfiguration;
			buildSettings = {
				ASSETCATALOG_COMPILER_APPICON_NAME = AppIcon;
				CODE_SIGN_STYLE = Automatic;
				DEVELOPMENT_TEAM = P85PDAVQFY;
				INFOPLIST_FILE = "Air Quality Monitor/Info.plist";
				LD_RUNPATH_SEARCH_PATHS = (
					"$(inherited)",
					"@executable_path/Frameworks",
				);
				PRODUCT_BUNDLE_IDENTIFIER = "com.apptryout.Air-Quality-Monitor";
				PRODUCT_NAME = "$(TARGET_NAME)";
				SUPPORTS_MACCATALYST = NO;
				SWIFT_VERSION = 5.0;
				TARGETED_DEVICE_FAMILY = "1,2";
			};
			name = Release;
		};
/* End XCBuildConfiguration section */

/* Begin XCConfigurationList section */
		D4B6CCB7251E83FC00104F3E /* Build configuration list for PBXProject "Air Quality Monitor" */ = {
			isa = XCConfigurationList;
			buildConfigurations = (
				D4B6CCCE251E840200104F3E /* Debug */,
				D4B6CCCF251E840200104F3E /* Release */,
			);
			defaultConfigurationIsVisible = 0;
			defaultConfigurationName = Release;
		};
		D4B6CCD0251E840200104F3E /* Build configuration list for PBXNativeTarget "Air Quality Monitor" */ = {
			isa = XCConfigurationList;
			buildConfigurations = (
				D4B6CCD1251E840200104F3E /* Debug */,
				D4B6CCD2251E840200104F3E /* Release */,
			);
			defaultConfigurationIsVisible = 0;
			defaultConfigurationName = Release;
		};
/* End XCConfigurationList section */
	};
	rootObject = D4B6CCB4251E83FC00104F3E /* Project object */;
}
